// !$*UTF8*$!
{
	archiveVersion = 1;
	classes = {
	};
	objectVersion = 46;
	objects = {

/* Begin PBXBuildFile section */
		238BE58A194A51D70070FDB9 /* Foundation.framework in Frameworks */ = {isa = PBXBuildFile; fileRef = 238BE589194A51D70070FDB9 /* Foundation.framework */; };
		238BE58C194A51D70070FDB9 /* CoreGraphics.framework in Frameworks */ = {isa = PBXBuildFile; fileRef = 238BE58B194A51D70070FDB9 /* CoreGraphics.framework */; };
		238BE58E194A51D70070FDB9 /* UIKit.framework in Frameworks */ = {isa = PBXBuildFile; fileRef = 238BE58D194A51D70070FDB9 /* UIKit.framework */; };
		238BE594194A51D70070FDB9 /* InfoPlist.strings in Resources */ = {isa = PBXBuildFile; fileRef = 238BE592194A51D70070FDB9 /* InfoPlist.strings */; };
		238BE596194A51D70070FDB9 /* main.m in Sources */ = {isa = PBXBuildFile; fileRef = 238BE595194A51D70070FDB9 /* main.m */; };
		238BE59A194A51D70070FDB9 /* AppDelegate.m in Sources */ = {isa = PBXBuildFile; fileRef = 238BE599194A51D70070FDB9 /* AppDelegate.m */; };
		238BE59C194A51D70070FDB9 /* Images.xcassets in Resources */ = {isa = PBXBuildFile; fileRef = 238BE59B194A51D70070FDB9 /* Images.xcassets */; };
		238BE5A3194A51D70070FDB9 /* XCTest.framework in Frameworks */ = {isa = PBXBuildFile; fileRef = 238BE5A2194A51D70070FDB9 /* XCTest.framework */; };
		238BE5A4194A51D70070FDB9 /* Foundation.framework in Frameworks */ = {isa = PBXBuildFile; fileRef = 238BE589194A51D70070FDB9 /* Foundation.framework */; };
		238BE5A5194A51D70070FDB9 /* UIKit.framework in Frameworks */ = {isa = PBXBuildFile; fileRef = 238BE58D194A51D70070FDB9 /* UIKit.framework */; };
		238BE5AD194A51D70070FDB9 /* InfoPlist.strings in Resources */ = {isa = PBXBuildFile; fileRef = 238BE5AB194A51D70070FDB9 /* InfoPlist.strings */; };
		238BE5AF194A51D70070FDB9 /* Public_Speaking_for_DoctorsTests.m in Sources */ = {isa = PBXBuildFile; fileRef = 238BE5AE194A51D70070FDB9 /* Public_Speaking_for_DoctorsTests.m */; };
/* End PBXBuildFile section */

/* Begin PBXContainerItemProxy section */
		238BE5A6194A51D70070FDB9 /* PBXContainerItemProxy */ = {
			isa = PBXContainerItemProxy;
			containerPortal = 238BE57E194A51D70070FDB9 /* Project object */;
			proxyType = 1;
			remoteGlobalIDString = 238BE585194A51D70070FDB9;
			remoteInfo = "Public Speaking for Doctors";
		};
/* End PBXContainerItemProxy section */

/* Begin PBXFileReference section */
		238BE586194A51D70070FDB9 /* Public Speaking for Doctors.app */ = {isa = PBXFileReference; explicitFileType = wrapper.application; includeInIndex = 0; path = "Public Speaking for Doctors.app"; sourceTree = BUILT_PRODUCTS_DIR; };
		238BE589194A51D70070FDB9 /* Foundation.framework */ = {isa = PBXFileReference; lastKnownFileType = wrapper.framework; name = Foundation.framework; path = System/Library/Frameworks/Foundation.framework; sourceTree = SDKROOT; };
		238BE58B194A51D70070FDB9 /* CoreGraphics.framework */ = {isa = PBXFileReference; lastKnownFileType = wrapper.framework; name = CoreGraphics.framework; path = System/Library/Frameworks/CoreGraphics.framework; sourceTree = SDKROOT; };
		238BE58D194A51D70070FDB9 /* UIKit.framework */ = {isa = PBXFileReference; lastKnownFileType = wrapper.framework; name = UIKit.framework; path = System/Library/Frameworks/UIKit.framework; sourceTree = SDKROOT; };
		238BE591194A51D70070FDB9 /* Public Speaking for Doctors-Info.plist */ = {isa = PBXFileReference; lastKnownFileType = text.plist.xml; path = "Public Speaking for Doctors-Info.plist"; sourceTree = "<group>"; };
		238BE593194A51D70070FDB9 /* en */ = {isa = PBXFileReference; lastKnownFileType = text.plist.strings; name = en; path = en.lproj/InfoPlist.strings; sourceTree = "<group>"; };
		238BE595194A51D70070FDB9 /* main.m */ = {isa = PBXFileReference; lastKnownFileType = sourcecode.c.objc; path = main.m; sourceTree = "<group>"; };
		238BE597194A51D70070FDB9 /* Public Speaking for Doctors-Prefix.pch */ = {isa = PBXFileReference; lastKnownFileType = sourcecode.c.h; path = "Public Speaking for Doctors-Prefix.pch"; sourceTree = "<group>"; };
		238BE598194A51D70070FDB9 /* AppDelegate.h */ = {isa = PBXFileReference; lastKnownFileType = sourcecode.c.h; path = AppDelegate.h; sourceTree = "<group>"; };
		238BE599194A51D70070FDB9 /* AppDelegate.m */ = {isa = PBXFileReference; lastKnownFileType = sourcecode.c.objc; path = AppDelegate.m; sourceTree = "<group>"; };
		238BE59B194A51D70070FDB9 /* Images.xcassets */ = {isa = PBXFileReference; lastKnownFileType = folder.assetcatalog; path = Images.xcassets; sourceTree = "<group>"; };
		238BE5A1194A51D70070FDB9 /* Public Speaking for DoctorsTests.xctest */ = {isa = PBXFileReference; explicitFileType = wrapper.cfbundle; includeInIndex = 0; path = "Public Speaking for DoctorsTests.xctest"; sourceTree = BUILT_PRODUCTS_DIR; };
		238BE5A2194A51D70070FDB9 /* XCTest.framework */ = {isa = PBXFileReference; lastKnownFileType = wrapper.framework; name = XCTest.framework; path = Library/Frameworks/XCTest.framework; sourceTree = DEVELOPER_DIR; };
		238BE5AA194A51D70070FDB9 /* Public Speaking for DoctorsTests-Info.plist */ = {isa = PBXFileReference; lastKnownFileType = text.plist.xml; path = "Public Speaking for DoctorsTests-Info.plist"; sourceTree = "<group>"; };
		238BE5AC194A51D70070FDB9 /* en */ = {isa = PBXFileReference; lastKnownFileType = text.plist.strings; name = en; path = en.lproj/InfoPlist.strings; sourceTree = "<group>"; };
		238BE5AE194A51D70070FDB9 /* Public_Speaking_for_DoctorsTests.m */ = {isa = PBXFileReference; lastKnownFileType = sourcecode.c.objc; path = Public_Speaking_for_DoctorsTests.m; sourceTree = "<group>"; };
/* End PBXFileReference section */

/* Begin PBXFrameworksBuildPhase section */
		238BE583194A51D70070FDB9 /* Frameworks */ = {
			isa = PBXFrameworksBuildPhase;
			buildActionMask = 2147483647;
			files = (
				238BE58C194A51D70070FDB9 /* CoreGraphics.framework in Frameworks */,
				238BE58E194A51D70070FDB9 /* UIKit.framework in Frameworks */,
				238BE58A194A51D70070FDB9 /* Foundation.framework in Frameworks */,
			);
			runOnlyForDeploymentPostprocessing = 0;
		};
		238BE59E194A51D70070FDB9 /* Frameworks */ = {
			isa = PBXFrameworksBuildPhase;
			buildActionMask = 2147483647;
			files = (
				238BE5A3194A51D70070FDB9 /* XCTest.framework in Frameworks */,
				238BE5A5194A51D70070FDB9 /* UIKit.framework in Frameworks */,
				238BE5A4194A51D70070FDB9 /* Foundation.framework in Frameworks */,
			);
			runOnlyForDeploymentPostprocessing = 0;
		};
/* End PBXFrameworksBuildPhase section */

/* Begin PBXGroup section */
		238BE57D194A51D70070FDB9 = {
			isa = PBXGroup;
			children = (
				238BE58F194A51D70070FDB9 /* Public Speaking for Doctors */,
				238BE5A8194A51D70070FDB9 /* Public Speaking for DoctorsTests */,
				238BE588194A51D70070FDB9 /* Frameworks */,
				238BE587194A51D70070FDB9 /* Products */,
			);
			sourceTree = "<group>";
		};
		238BE587194A51D70070FDB9 /* Products */ = {
			isa = PBXGroup;
			children = (
				238BE586194A51D70070FDB9 /* Public Speaking for Doctors.app */,
				238BE5A1194A51D70070FDB9 /* Public Speaking for DoctorsTests.xctest */,
			);
			name = Products;
			sourceTree = "<group>";
		};
		238BE588194A51D70070FDB9 /* Frameworks */ = {
			isa = PBXGroup;
			children = (
				238BE589194A51D70070FDB9 /* Foundation.framework */,
				238BE58B194A51D70070FDB9 /* CoreGraphics.framework */,
				238BE58D194A51D70070FDB9 /* UIKit.framework */,
				238BE5A2194A51D70070FDB9 /* XCTest.framework */,
			);
			name = Frameworks;
			sourceTree = "<group>";
		};
		238BE58F194A51D70070FDB9 /* Public Speaking for Doctors */ = {
			isa = PBXGroup;
			children = (
				238BE598194A51D70070FDB9 /* AppDelegate.h */,
				238BE599194A51D70070FDB9 /* AppDelegate.m */,
				238BE59B194A51D70070FDB9 /* Images.xcassets */,
				238BE590194A51D70070FDB9 /* Supporting Files */,
			);
			path = "Public Speaking for Doctors";
			sourceTree = "<group>";
		};
		238BE590194A51D70070FDB9 /* Supporting Files */ = {
			isa = PBXGroup;
			children = (
				238BE591194A51D70070FDB9 /* Public Speaking for Doctors-Info.plist */,
				238BE592194A51D70070FDB9 /* InfoPlist.strings */,
				238BE595194A51D70070FDB9 /* main.m */,
				238BE597194A51D70070FDB9 /* Public Speaking for Doctors-Prefix.pch */,
			);
			name = "Supporting Files";
			sourceTree = "<group>";
		};
		238BE5A8194A51D70070FDB9 /* Public Speaking for DoctorsTests */ = {
			isa = PBXGroup;
			children = (
				238BE5AE194A51D70070FDB9 /* Public_Speaking_for_DoctorsTests.m */,
				238BE5A9194A51D70070FDB9 /* Supporting Files */,
			);
			path = "Public Speaking for DoctorsTests";
			sourceTree = "<group>";
		};
		238BE5A9194A51D70070FDB9 /* Supporting Files */ = {
			isa = PBXGroup;
			children = (
				238BE5AA194A51D70070FDB9 /* Public Speaking for DoctorsTests-Info.plist */,
				238BE5AB194A51D70070FDB9 /* InfoPlist.strings */,
			);
			name = "Supporting Files";
			sourceTree = "<group>";
		};
/* End PBXGroup section */

/* Begin PBXNativeTarget section */
		238BE585194A51D70070FDB9 /* Public Speaking for Doctors */ = {
			isa = PBXNativeTarget;
			buildConfigurationList = 238BE5B2194A51D70070FDB9 /* Build configuration list for PBXNativeTarget "Public Speaking for Doctors" */;
			buildPhases = (
				238BE582194A51D70070FDB9 /* Sources */,
				238BE583194A51D70070FDB9 /* Frameworks */,
				238BE584194A51D70070FDB9 /* Resources */,
			);
			buildRules = (
			);
			dependencies = (
			);
			name = "Public Speaking for Doctors";
			productName = "Public Speaking for Doctors";
			productReference = 238BE586194A51D70070FDB9 /* Public Speaking for Doctors.app */;
			productType = "com.apple.product-type.application";
		};
		238BE5A0194A51D70070FDB9 /* Public Speaking for DoctorsTests */ = {
			isa = PBXNativeTarget;
			buildConfigurationList = 238BE5B5194A51D70070FDB9 /* Build configuration list for PBXNativeTarget "Public Speaking for DoctorsTests" */;
			buildPhases = (
				238BE59D194A51D70070FDB9 /* Sources */,
				238BE59E194A51D70070FDB9 /* Frameworks */,
				238BE59F194A51D70070FDB9 /* Resources */,
			);
			buildRules = (
			);
			dependencies = (
				238BE5A7194A51D70070FDB9 /* PBXTargetDependency */,
			);
			name = "Public Speaking for DoctorsTests";
			productName = "Public Speaking for DoctorsTests";
			productReference = 238BE5A1194A51D70070FDB9 /* Public Speaking for DoctorsTests.xctest */;
			productType = "com.apple.product-type.bundle.unit-test";
		};
/* End PBXNativeTarget section */

/* Begin PBXProject section */
		238BE57E194A51D70070FDB9 /* Project object */ = {
			isa = PBXProject;
			attributes = {
				LastUpgradeCheck = 0510;
				ORGANIZATIONNAME = "___MUJALLED___";
				TargetAttributes = {
					238BE5A0194A51D70070FDB9 = {
						TestTargetID = 238BE585194A51D70070FDB9;
					};
				};
			};
			buildConfigurationList = 238BE581194A51D70070FDB9 /* Build configuration list for PBXProject "Public Speaking for Doctors" */;
			compatibilityVersion = "Xcode 3.2";
			developmentRegion = English;
			hasScannedForEncodings = 0;
			knownRegions = (
				en,
			);
			mainGroup = 238BE57D194A51D70070FDB9;
			productRefGroup = 238BE587194A51D70070FDB9 /* Products */;
			projectDirPath = "";
			projectRoot = "";
			targets = (
				238BE585194A51D70070FDB9 /* Public Speaking for Doctors */,
				238BE5A0194A51D70070FDB9 /* Public Speaking for DoctorsTests */,
			);
		};
/* End PBXProject section */

/* Begin PBXResourcesBuildPhase section */
		238BE584194A51D70070FDB9 /* Resources */ = {
			isa = PBXResourcesBuildPhase;
			buildActionMask = 2147483647;
			files = (
				238BE594194A51D70070FDB9 /* InfoPlist.strings in Resources */,
				238BE59C194A51D70070FDB9 /* Images.xcassets in Resources */,
			);
			runOnlyForDeploymentPostprocessing = 0;
		};
		238BE59F194A51D70070FDB9 /* Resources */ = {
			isa = PBXResourcesBuildPhase;
			buildActionMask = 2147483647;
			files = (
				238BE5AD194A51D70070FDB9 /* InfoPlist.strings in Resources */,
			);
			runOnlyForDeploymentPostprocessing = 0;
		};
/* End PBXResourcesBuildPhase section */

/* Begin PBXSourcesBuildPhase section */
		238BE582194A51D70070FDB9 /* Sources */ = {
			isa = PBXSourcesBuildPhase;
			buildActionMask = 2147483647;
			files = (
				238BE59A194A51D70070FDB9 /* AppDelegate.m in Sources */,
				238BE596194A51D70070FDB9 /* main.m in Sources */,
			);
			runOnlyForDeploymentPostprocessing = 0;
		};
		238BE59D194A51D70070FDB9 /* Sources */ = {
			isa = PBXSourcesBuildPhase;
			buildActionMask = 2147483647;
			files = (
				238BE5AF194A51D70070FDB9 /* Public_Speaking_for_DoctorsTests.m in Sources */,
			);
			runOnlyForDeploymentPostprocessing = 0;
		};
/* End PBXSourcesBuildPhase section */

/* Begin PBXTargetDependency section */
		238BE5A7194A51D70070FDB9 /* PBXTargetDependency */ = {
			isa = PBXTargetDependency;
			target = 238BE585194A51D70070FDB9 /* Public Speaking for Doctors */;
			targetProxy = 238BE5A6194A51D70070FDB9 /* PBXContainerItemProxy */;
		};
/* End PBXTargetDependency section */

/* Begin PBXVariantGroup section */
		238BE592194A51D70070FDB9 /* InfoPlist.strings */ = {
			isa = PBXVariantGroup;
			children = (
				238BE593194A51D70070FDB9 /* en */,
			);
			name = InfoPlist.strings;
			sourceTree = "<group>";
		};
		238BE5AB194A51D70070FDB9 /* InfoPlist.strings */ = {
			isa = PBXVariantGroup;
			children = (
				238BE5AC194A51D70070FDB9 /* en */,
			);
			name = InfoPlist.strings;
			sourceTree = "<group>";
		};
/* End PBXVariantGroup section */

/* Begin XCBuildConfiguration section */
		238BE5B0194A51D70070FDB9 /* Debug */ = {
			isa = XCBuildConfiguration;
			buildSettings = {
				ALWAYS_SEARCH_USER_PATHS = NO;
				CLANG_CXX_LANGUAGE_STANDARD = "gnu++0x";
				CLANG_CXX_LIBRARY = "libc++";
				CLANG_ENABLE_MODULES = YES;
				CLANG_ENABLE_OBJC_ARC = YES;
				CLANG_WARN_BOOL_CONVERSION = YES;
				CLANG_WARN_CONSTANT_CONVERSION = YES;
				CLANG_WARN_DIRECT_OBJC_ISA_USAGE = YES_ERROR;
				CLANG_WARN_EMPTY_BODY = YES;
				CLANG_WARN_ENUM_CONVERSION = YES;
				CLANG_WARN_INT_CONVERSION = YES;
				CLANG_WARN_OBJC_ROOT_CLASS = YES_ERROR;
				CLANG_WARN__DUPLICATE_METHOD_MATCH = YES;
				"CODE_SIGN_IDENTITY[sdk=iphoneos*]" = "iPhone Developer";
				COPY_PHASE_STRIP = NO;
				GCC_C_LANGUAGE_STANDARD = gnu99;
				GCC_DYNAMIC_NO_PIC = NO;
				GCC_OPTIMIZATION_LEVEL = 0;
				GCC_PREPROCESSOR_DEFINITIONS = (
					"DEBUG=1",
					"$(inherited)",
				);
				GCC_SYMBOLS_PRIVATE_EXTERN = NO;
				GCC_WARN_64_TO_32_BIT_CONVERSION = YES;
				GCC_WARN_ABOUT_RETURN_TYPE = YES_ERROR;
				GCC_WARN_UNDECLARED_SELECTOR = YES;
				GCC_WARN_UNINITIALIZED_AUTOS = YES_AGGRESSIVE;
				GCC_WARN_UNUSED_FUNCTION = YES;
				GCC_WARN_UNUSED_VARIABLE = YES;
				IPHONEOS_DEPLOYMENT_TARGET = 7.1;
				ONLY_ACTIVE_ARCH = YES;
				SDKROOT = iphoneos;
				TARGETED_DEVICE_FAMILY = "1,2";
			};
			name = Debug;
		};
		238BE5B1194A51D70070FDB9 /* Release */ = {
			isa = XCBuildConfiguration;
			buildSettings = {
				ALWAYS_SEARCH_USER_PATHS = NO;
				CLANG_CXX_LANGUAGE_STANDARD = "gnu++0x";
				CLANG_CXX_LIBRARY = "libc++";
				CLANG_ENABLE_MODULES = YES;
				CLANG_ENABLE_OBJC_ARC = YES;
				CLANG_WARN_BOOL_CONVERSION = YES;
				CLANG_WARN_CONSTANT_CONVERSION = YES;
				CLANG_WARN_DIRECT_OBJC_ISA_USAGE = YES_ERROR;
				CLANG_WARN_EMPTY_BODY = YES;
				CLANG_WARN_ENUM_CONVERSION = YES;
				CLANG_WARN_INT_CONVERSION = YES;
				CLANG_WARN_OBJC_ROOT_CLASS = YES_ERROR;
				CLANG_WARN__DUPLICATE_METHOD_MATCH = YES;
				"CODE_SIGN_IDENTITY[sdk=iphoneos*]" = "iPhone Developer";
				COPY_PHASE_STRIP = YES;
				ENABLE_NS_ASSERTIONS = NO;
				GCC_C_LANGUAGE_STANDARD = gnu99;
				GCC_WARN_64_TO_32_BIT_CONVERSION = YES;
				GCC_WARN_ABOUT_RETURN_TYPE = YES_ERROR;
				GCC_WARN_UNDECLARED_SELECTOR = YES;
				GCC_WARN_UNINITIALIZED_AUTOS = YES_AGGRESSIVE;
				GCC_WARN_UNUSED_FUNCTION = YES;
				GCC_WARN_UNUSED_VARIABLE = YES;
				IPHONEOS_DEPLOYMENT_TARGET = 7.1;
				SDKROOT = iphoneos;
				TARGETED_DEVICE_FAMILY = "1,2";
				VALIDATE_PRODUCT = YES;
			};
			name = Release;
		};
		238BE5B3194A51D70070FDB9 /* Debug */ = {
			isa = XCBuildConfiguration;
			buildSettings = {
				ASSETCATALOG_COMPILER_APPICON_NAME = AppIcon;
				ASSETCATALOG_COMPILER_LAUNCHIMAGE_NAME = LaunchImage;
				GCC_PRECOMPILE_PREFIX_HEADER = YES;
				GCC_PREFIX_HEADER = "Public Speaking for Doctors/Public Speaking for Doctors-Prefix.pch";
				INFOPLIST_FILE = "Public Speaking for Doctors/Public Speaking for Doctors-Info.plist";
				PRODUCT_NAME = "$(TARGET_NAME)";
				WRAPPER_EXTENSION = app;
			};
			name = Debug;
		};
		238BE5B4194A51D70070FDB9 /* Release */ = {
			isa = XCBuildConfiguration;
			buildSettings = {
				ASSETCATALOG_COMPILER_APPICON_NAME = AppIcon;
				ASSETCATALOG_COMPILER_LAUNCHIMAGE_NAME = LaunchImage;
				GCC_PRECOMPILE_PREFIX_HEADER = YES;
				GCC_PREFIX_HEADER = "Public Speaking for Doctors/Public Speaking for Doctors-Prefix.pch";
				INFOPLIST_FILE = "Public Speaking for Doctors/Public Speaking for Doctors-Info.plist";
				PRODUCT_NAME = "$(TARGET_NAME)";
				WRAPPER_EXTENSION = app;
			};
			name = Release;
		};
		238BE5B6194A51D70070FDB9 /* Debug */ = {
			isa = XCBuildConfiguration;
			buildSettings = {
				BUNDLE_LOADER = "$(BUILT_PRODUCTS_DIR)/Public Speaking for Doctors.app/Public Speaking for Doctors";
				FRAMEWORK_SEARCH_PATHS = (
					"$(SDKROOT)/Developer/Library/Frameworks",
					"$(inherited)",
					"$(DEVELOPER_FRAMEWORKS_DIR)",
				);
				GCC_PRECOMPILE_PREFIX_HEADER = YES;
				GCC_PREFIX_HEADER = "Public Speaking for Doctors/Public Speaking for Doctors-Prefix.pch";
				GCC_PREPROCESSOR_DEFINITIONS = (
					"DEBUG=1",
					"$(inherited)",
				);
				INFOPLIST_FILE = "Public Speaking for DoctorsTests/Public Speaking for DoctorsTests-Info.plist";
				PRODUCT_NAME = "$(TARGET_NAME)";
				TEST_HOST = "$(BUNDLE_LOADER)";
				WRAPPER_EXTENSION = xctest;
			};
			name = Debug;
		};
		238BE5B7194A51D70070FDB9 /* Release */ = {
			isa = XCBuildConfiguration;
			buildSettings = {
				BUNDLE_LOADER = "$(BUILT_PRODUCTS_DIR)/Public Speaking for Doctors.app/Public Speaking for Doctors";
				FRAMEWORK_SEARCH_PATHS = (
					"$(SDKROOT)/Developer/Library/Frameworks",
					"$(inherited)",
					"$(DEVELOPER_FRAMEWORKS_DIR)",
				);
				GCC_PRECOMPILE_PREFIX_HEADER = YES;
				GCC_PREFIX_HEADER = "Public Speaking for Doctors/Public Speaking for Doctors-Prefix.pch";
				INFOPLIST_FILE = "Public Speaking for DoctorsTests/Public Speaking for DoctorsTests-Info.plist";
				PRODUCT_NAME = "$(TARGET_NAME)";
				TEST_HOST = "$(BUNDLE_LOADER)";
				WRAPPER_EXTENSION = xctest;
			};
			name = Release;
		};
/* End XCBuildConfiguration section */

/* Begin XCConfigurationList section */
		238BE581194A51D70070FDB9 /* Build configuration list for PBXProject "Public Speaking for Doctors" */ = {
			isa = XCConfigurationList;
			buildConfigurations = (
				238BE5B0194A51D70070FDB9 /* Debug */,
				238BE5B1194A51D70070FDB9 /* Release */,
			);
			defaultConfigurationIsVisible = 0;
			defaultConfigurationName = Release;
		};
		238BE5B2194A51D70070FDB9 /* Build configuration list for PBXNativeTarget "Public Speaking for Doctors" */ = {
			isa = XCConfigurationList;
			buildConfigurations = (
				238BE5B3194A51D70070FDB9 /* Debug */,
				238BE5B4194A51D70070FDB9 /* Release */,
			);
			defaultConfigurationIsVisible = 0;
		};
		238BE5B5194A51D70070FDB9 /* Build configuration list for PBXNativeTarget "Public Speaking for DoctorsTests" */ = {
			isa = XCConfigurationList;
			buildConfigurations = (
				238BE5B6194A51D70070FDB9 /* Debug */,
				238BE5B7194A51D70070FDB9 /* Release */,
			);
			defaultConfigurationIsVisible = 0;
		};
/* End XCConfigurationList section */
	};
	rootObject = 238BE57E194A51D70070FDB9 /* Project object */;
}
